
Microsoft Visual Studio Solution File, Format Version 12.00
# Visual Studio Version 17
VisualStudioVersion = 17.4.33403.182
MinimumVisualStudioVersion = 10.0.40219.1
Project("{FAE04EC0-301F-11D3-BF4B-00C04F79EFBC}") = "BusinessObjects", "BusinessObjects\BusinessObjects.csproj", "{195134F8-9DA6-40F6-8421-3EB4B540E997}"
EndProject
Project("{FAE04EC0-301F-11D3-BF4B-00C04F79EFBC}") = "Repositories", "Repositories\Repositories.csproj", "{94503C49-2DAD-4FED-B4D1-DBB7566C537E}"
EndProject
Project("{FAE04EC0-301F-11D3-BF4B-00C04F79EFBC}") = "DataAccess", "DataAccess\DataAccess.csproj", "{F40418A9-69CF-46BF-A267-A9C5123F0FF8}"
EndProject
Project("{FAE04EC0-301F-11D3-BF4B-00C04F79EFBC}") = "ProjectManagermentWebAPI", "ProjectManagermentWebAPI\ProjectManagermentWebAPI.csproj", "{52F7004E-30C4-4791-8CB3-63BC36AA9D62}"
EndProject
Project("{FAE04EC0-301F-11D3-BF4B-00C04F79EFBC}") = "ProductManagermentWebClient", "ProductManagermentWebClient\ProductManagermentWebClient.csproj", "{43FDEDCE-65F2-4E79-91F4-2D3B60C6D46A}"
EndProject
Global
	GlobalSection(SolutionConfigurationPlatforms) = preSolution
		Debug|Any CPU = Debug|Any CPU
		Release|Any CPU = Release|Any CPU
	EndGlobalSection
	GlobalSection(ProjectConfigurationPlatforms) = postSolution
		{195134F8-9DA6-40F6-8421-3EB4B540E997}.Debug|Any CPU.ActiveCfg = Debug|Any CPU
		{195134F8-9DA6-40F6-8421-3EB4B540E997}.Debug|Any CPU.Build.0 = Debug|Any CPU
		{195134F8-9DA6-40F6-8421-3EB4B540E997}.Release|Any CPU.ActiveCfg = Release|Any CPU
		{195134F8-9DA6-40F6-8421-3EB4B540E997}.Release|Any CPU.Build.0 = Release|Any CPU
		{94503C49-2DAD-4FED-B4D1-DBB7566C537E}.Debug|Any CPU.ActiveCfg = Debug|Any CPU
		{94503C49-2DAD-4FED-B4D1-DBB7566C537E}.Debug|Any CPU.Build.0 = Debug|Any CPU
		{94503C49-2DAD-4FED-B4D1-DBB7566C537E}.Release|Any CPU.ActiveCfg = Release|Any CPU
		{94503C49-2DAD-4FED-B4D1-DBB7566C537E}.Release|Any CPU.Build.0 = Release|Any CPU
		{F40418A9-69CF-46BF-A267-A9C5123F0FF8}.Debug|Any CPU.ActiveCfg = Debug|Any CPU
		{F40418A9-69CF-46BF-A267-A9C5123F0FF8}.Debug|Any CPU.Build.0 = Debug|Any CPU
		{F40418A9-69CF-46BF-A267-A9C5123F0FF8}.Release|Any CPU.ActiveCfg = Release|Any CPU
		{F40418A9-69CF-46BF-A267-A9C5123F0FF8}.Release|Any CPU.Build.0 = Release|Any CPU
		{52F7004E-30C4-4791-8CB3-63BC36AA9D62}.Debug|Any CPU.ActiveCfg = Debug|Any CPU
		{52F7004E-30C4-4791-8CB3-63BC36AA9D62}.Debug|Any CPU.Build.0 = Debug|Any CPU
		{52F7004E-30C4-4791-8CB3-63BC36AA9D62}.Release|Any CPU.ActiveCfg = Release|Any CPU
		{52F7004E-30C4-4791-8CB3-63BC36AA9D62}.Release|Any CPU.Build.0 = Release|Any CPU
		{43FDEDCE-65F2-4E79-91F4-2D3B60C6D46A}.Debug|Any CPU.ActiveCfg = Debug|Any CPU
		{43FDEDCE-65F2-4E79-91F4-2D3B60C6D46A}.Debug|Any CPU.Build.0 = Debug|Any CPU
		{43FDEDCE-65F2-4E79-91F4-2D3B60C6D46A}.Release|Any CPU.ActiveCfg = Release|Any CPU
		{43FDEDCE-65F2-4E79-91F4-2D3B60C6D46A}.Release|Any CPU.Build.0 = Release|Any CPU
	EndGlobalSection
	GlobalSection(SolutionProperties) = preSolution
		HideSolutionNode = FALSE
	EndGlobalSection
	GlobalSection(ExtensibilityGlobals) = postSolution
		SolutionGuid = {49CBC2D0-4639-4DC8-9FC3-7E7D4F325CB1}
	EndGlobalSection
EndGlobal
